
Microsoft Visual Studio Solution File, Format Version 12.00
# Visual Studio Version 17
VisualStudioVersion = 17.12.35707.178 d17.12
MinimumVisualStudioVersion = 10.0.40219.1
Project("{FAE04EC0-301F-11D3-BF4B-00C04F79EFBC}") = "AssignmentSolution", "AssignmentSolution\AssignmentSolution.csproj", "{D243C3CC-7C2A-4B50-83D3-9D9F2A57E15A}"
EndProject
Project("{FAE04EC0-301F-11D3-BF4B-00C04F79EFBC}") = "Demo", "Demo\Demo.csproj", "{B2CC5DBB-923C-4907-9804-61C371BA1FC2}"
EndProject
Global
	GlobalSection(SolutionConfigurationPlatforms) = preSolution
		Debug|Any CPU = Debug|Any CPU
		Release|Any CPU = Release|Any CPU
	EndGlobalSection
	GlobalSection(ProjectConfigurationPlatforms) = postSolution
		{D243C3CC-7C2A-4B50-83D3-9D9F2A57E15A}.Debug|Any CPU.ActiveCfg = Debug|Any CPU
		{D243C3CC-7C2A-4B50-83D3-9D9F2A57E15A}.Debug|Any CPU.Build.0 = Debug|Any CPU
		{D243C3CC-7C2A-4B50-83D3-9D9F2A57E15A}.Release|Any CPU.ActiveCfg = Release|Any CPU
		{D243C3CC-7C2A-4B50-83D3-9D9F2A57E15A}.Release|Any CPU.Build.0 = Release|Any CPU
		{B2CC5DBB-923C-4907-9804-61C371BA1FC2}.Debug|Any CPU.ActiveCfg = Debug|Any CPU
		{B2CC5DBB-923C-4907-9804-61C371BA1FC2}.Debug|Any CPU.Build.0 = Debug|Any CPU
		{B2CC5DBB-923C-4907-9804-61C371BA1FC2}.Release|Any CPU.ActiveCfg = Release|Any CPU
		{B2CC5DBB-923C-4907-9804-61C371BA1FC2}.Release|Any CPU.Build.0 = Release|Any CPU
	EndGlobalSection
	GlobalSection(SolutionProperties) = preSolution
		HideSolutionNode = FALSE
	EndGlobalSection
EndGlobal
